
Microsoft Visual Studio Solution File, Format Version 12.00
# Visual Studio Version 17
VisualStudioVersion = 17.4.33213.308
MinimumVisualStudioVersion = 10.0.40219.1
Project("{9A19103F-16F7-4668-BE54-9A1E7A4F7556}") = "Geometry", "Geometry\Geometry.csproj", "{B58F06FD-DE2F-41FF-B488-280B1E7396B2}"
EndProject
Project("{9A19103F-16F7-4668-BE54-9A1E7A4F7556}") = "AnimalHierarchy", "AnimalHierarchy\AnimalHierarchy.csproj", "{2929E1D2-30ED-4C81-B0E2-FF88E34B067B}"
EndProject
Project("{FAE04EC0-301F-11D3-BF4B-00C04F79EFBC}") = "MyBanker", "MyBanker\MyBanker.csproj", "{4628D3EF-AFAC-4A5B-BEAE-7C353E54DAD5}"
EndProject
Global
	GlobalSection(SolutionConfigurationPlatforms) = preSolution
		Debug|Any CPU = Debug|Any CPU
		Release|Any CPU = Release|Any CPU
	EndGlobalSection
	GlobalSection(ProjectConfigurationPlatforms) = postSolution
		{B58F06FD-DE2F-41FF-B488-280B1E7396B2}.Debug|Any CPU.ActiveCfg = Debug|Any CPU
		{B58F06FD-DE2F-41FF-B488-280B1E7396B2}.Debug|Any CPU.Build.0 = Debug|Any CPU
		{B58F06FD-DE2F-41FF-B488-280B1E7396B2}.Release|Any CPU.ActiveCfg = Release|Any CPU
		{B58F06FD-DE2F-41FF-B488-280B1E7396B2}.Release|Any CPU.Build.0 = Release|Any CPU
		{2929E1D2-30ED-4C81-B0E2-FF88E34B067B}.Debug|Any CPU.ActiveCfg = Debug|Any CPU
		{2929E1D2-30ED-4C81-B0E2-FF88E34B067B}.Debug|Any CPU.Build.0 = Debug|Any CPU
		{2929E1D2-30ED-4C81-B0E2-FF88E34B067B}.Release|Any CPU.ActiveCfg = Release|Any CPU
		{2929E1D2-30ED-4C81-B0E2-FF88E34B067B}.Release|Any CPU.Build.0 = Release|Any CPU
		{4628D3EF-AFAC-4A5B-BEAE-7C353E54DAD5}.Debug|Any CPU.ActiveCfg = Debug|Any CPU
		{4628D3EF-AFAC-4A5B-BEAE-7C353E54DAD5}.Debug|Any CPU.Build.0 = Debug|Any CPU
		{4628D3EF-AFAC-4A5B-BEAE-7C353E54DAD5}.Release|Any CPU.ActiveCfg = Release|Any CPU
		{4628D3EF-AFAC-4A5B-BEAE-7C353E54DAD5}.Release|Any CPU.Build.0 = Release|Any CPU
	EndGlobalSection
	GlobalSection(SolutionProperties) = preSolution
		HideSolutionNode = FALSE
	EndGlobalSection
	GlobalSection(ExtensibilityGlobals) = postSolution
		SolutionGuid = {EEAB4086-29D0-4280-A13A-C4BF13A7D2B3}
	EndGlobalSection
EndGlobal
